Microsoft Visual Studio Solution File, Format Version 12.00
# Visual Studio Version 17
VisualStudioVersion = 17.0.31903.59
MinimumVisualStudioVersion = 10.0.40219.1
Project("{FAE04EC0-301F-11D3-BF4B-00C04F79EFBC}") = "Crowd", "src\Crowd\Crowd.csproj", "{12FBB469-E2A7-4F77-8BB8-8F80484CB6A1}"
EndProject
Project("{FAE04EC0-301F-11D3-BF4B-00C04F79EFBC}") = "GrasshopperComponents", "src\GrasshopperComponents\GrasshopperComponents.csproj", "{4D0D905A-C39A-4285-B402-739A15745C6D}"
EndProject
Global
	GlobalSection(SolutionConfigurationPlatforms) = preSolution
		Debug|Any CPU = Debug|Any CPU
		Release|Any CPU = Release|Any CPU
	EndGlobalSection
	GlobalSection(ProjectConfigurationPlatforms) = postSolution
		{12FBB469-E2A7-4F77-8BB8-8F80484CB6A1}.Debug|Any CPU.ActiveCfg = Debug|Any CPU
		{12FBB469-E2A7-4F77-8BB8-8F80484CB6A1}.Debug|Any CPU.Build.0 = Debug|Any CPU
		{12FBB469-E2A7-4F77-8BB8-8F80484CB6A1}.Release|Any CPU.ActiveCfg = Release|Any CPU
		{12FBB469-E2A7-4F77-8BB8-8F80484CB6A1}.Release|Any CPU.Build.0 = Release|Any CPU
		{4D0D905A-C39A-4285-B402-739A15745C6D}.Debug|Any CPU.ActiveCfg = Debug|Any CPU
		{4D0D905A-C39A-4285-B402-739A15745C6D}.Debug|Any CPU.Build.0 = Debug|Any CPU
		{4D0D905A-C39A-4285-B402-739A15745C6D}.Release|Any CPU.ActiveCfg = Release|Any CPU
		{4D0D905A-C39A-4285-B402-739A15745C6D}.Release|Any CPU.Build.0 = Release|Any CPU
	EndGlobalSection
	GlobalSection(SolutionProperties) = preSolution
		HideSolutionNode = FALSE
	EndGlobalSection
EndGlobal
